{
  "name": "withblueink",
  "version": "0.1.0",
  "lockfileVersion": 3,
  "requires": true,
  "packages": {
    "": {
      "name": "withblueink",
      "version": "0.1.0",
      "dependencies": {
        "@vercel/functions": "^3.1.4"
      },
      "devDependencies": {}
    },
    "node_modules/@vercel/functions": {
      "version": "3.1.4",
      "resolved": "https://registry.npmjs.org/@vercel/functions/-/functions-3.1.4.tgz",
      "integrity": "sha512-1dEfZkb7qxsA+ilo+1uBUCEgr7e90vHcimpDYkUB84DM051wQ5amJDk9x+cnaI29paZb5XukXwGl8yk3Udb/DQ==",
      "license": "Apache-2.0",
      "dependencies": {
        "@vercel/oidc": "3.0.3"
      },
      "engines": {
        "node": ">= 20"
      },
      "peerDependencies": {
        "@aws-sdk/credential-provider-web-identity": "*"
      },
      "peerDependenciesMeta": {
        "@aws-sdk/credential-provider-web-identity": {
          "optional": true
        }
      }
    },
    "node_modules/@vercel/oidc": {
      "version": "3.0.3",
      "resolved": "https://registry.npmjs.org/@vercel/oidc/-/oidc-3.0.3.tgz",
      "integrity": "sha512-yNEQvPcVrK9sIe637+I0jD6leluPxzwJKx/Haw6F4H77CdDsszUn5V3o96LPziXkSNE2B83+Z3mjqGKBK/R6Gg==",
      "license": "Apache-2.0",
      "engines": {
        "node": ">= 20"
      }
    }
  }
}
